
Microsoft Visual Studio Solution File, Format Version 12.00
# Visual Studio Version 17
VisualStudioVersion = 17.7.34031.279
MinimumVisualStudioVersion = 10.0.40219.1
Project("{FAE04EC0-301F-11D3-BF4B-00C04F79EFBC}") = "lab_exceptions_1", "lab_exceptions_1\lab_exceptions_1.csproj", "{2B28A41D-19FB-4B44-A607-76D43343CF0C}"
EndProject
Global
	GlobalSection(SolutionConfigurationPlatforms) = preSolution
		Debug|Any CPU = Debug|Any CPU
		Release|Any CPU = Release|Any CPU
	EndGlobalSection
	GlobalSection(ProjectConfigurationPlatforms) = postSolution
		{2B28A41D-19FB-4B44-A607-76D43343CF0C}.Debug|Any CPU.ActiveCfg = Debug|Any CPU
		{2B28A41D-19FB-4B44-A607-76D43343CF0C}.Debug|Any CPU.Build.0 = Debug|Any CPU
		{2B28A41D-19FB-4B44-A607-76D43343CF0C}.Release|Any CPU.ActiveCfg = Release|Any CPU
		{2B28A41D-19FB-4B44-A607-76D43343CF0C}.Release|Any CPU.Build.0 = Release|Any CPU
	EndGlobalSection
	GlobalSection(SolutionProperties) = preSolution
		HideSolutionNode = FALSE
	EndGlobalSection
	GlobalSection(ExtensibilityGlobals) = postSolution
		SolutionGuid = {D243F5E1-6086-40ED-9B37-92ADAADCFD6F}
	EndGlobalSection
EndGlobal
